lockfileVersion: '9.0'

settings:
  autoInstallPeers: true
  excludeLinksFromLockfile: false

importers:

  packages/client:
    dependencies:
      '@duck4i/sloppy-chat-common':
        specifier: workspace:*
        version: link:../common
    devDependencies:
      typescript:
        specifier: ^5.7.2
        version: 5.7.2

  packages/common:
    devDependencies:
      typescript:
        specifier: ^5.7.2
        version: 5.7.2

  packages/full:
    dependencies:
      '@duck4i/sloppy-chat-client':
        specifier: workspace:*
        version: link:../client
      '@duck4i/sloppy-chat-common':
        specifier: workspace:*
        version: link:../common
      '@duck4i/sloppy-chat-server':
        specifier: workspace:*
        version: link:../server
      '@scalar/hono-api-reference':
        specifier: ^0.5.165
        version: 0.5.165(hono@4.6.16)
      hono:
        specifier: ^4.6.15
        version: 4.6.16
      hono-openapi:
        specifier: ^0.3.1
        version: 0.3.1(typescript@5.7.2)
      react:
        specifier: ^19.0.0
        version: 19.0.0
      react-dom:
        specifier: ^19.0.0
        version: 19.0.0(react@19.0.0)
      valibot:
        specifier: 1.0.0-beta.10
        version: 1.0.0-beta.10(typescript@5.7.2)
      zod:
        specifier: ^3.24.1
        version: 3.24.1
      zod-to-json-schema:
        specifier: ^3.24.1
        version: 3.24.1(zod@3.24.1)
    devDependencies:
      '@types/bun':
        specifier: latest
        version: 1.1.14
      '@types/react':
        specifier: ^19.0.3
        version: 19.0.3
      '@types/react-dom':
        specifier: ^19.0.2
        version: 19.0.2(@types/react@19.0.3)
      typescript:
        specifier: ^5.7.2
        version: 5.7.2

  packages/server:
    dependencies:
      '@duck4i/sloppy-chat-common':
        specifier: workspace:*
        version: link:../common
      '@scalar/hono-api-reference':
        specifier: ^0.5.165
        version: 0.5.165(hono@4.6.16)
      hono:
        specifier: ^4.6.15
        version: 4.6.16
      hono-openapi:
        specifier: ^0.3.1
        version: 0.3.1(typescript@5.7.2)
      pino:
        specifier: ^9.6.0
        version: 9.6.0
      pino-pretty:
        specifier: ^13.0.0
        version: 13.0.0
      valibot:
        specifier: 1.0.0-beta.10
        version: 1.0.0-beta.10(typescript@5.7.2)
      zod:
        specifier: ^3.24.1
        version: 3.24.1
      zod-to-json-schema:
        specifier: ^3.24.1
        version: 3.24.1(zod@3.24.1)
    devDependencies:
      '@types/bun':
        specifier: latest
        version: 1.1.14
      typescript:
        specifier: ^5.7.2
        version: 5.7.2

packages:

  '@apidevtools/json-schema-ref-parser@11.7.3':
    resolution: {integrity: sha512-WApSdLdXEBb/1FUPca2lteASewEfpjEYJ8oXZP+0gExK5qSfsEKBKcA+WjY6Q4wvXwyv0+W6Kvc372pSceib9w==}
    engines: {node: '>= 16'}

  '@ark/schema@0.25.0':
    resolution: {integrity: sha512-1Air2M9Je8C/4+YNhJ1QPkoFbERX3PhulDVNW1RmpOpyUjUSM5lcuuyq357jp3a7+M3a5RV2PNdI1XZ/ah8l8Q==}

  '@ark/util@0.25.0':
    resolution: {integrity: sha512-yo2Me+tYnmr6E0E3maZzu643/rL07oR25yBHkH24gllssqYcd6EPCvZE23GEKgbk0iac9J73GlJ9pkgZj43Q2g==}

  '@hono/arktype-validator@2.0.0':
    resolution: {integrity: sha512-ICNZrK6Qcw6gyPfW53ONXI4JomRcks0fQhqzn9EWsfr6nlL6BNXQ96vIgVDU8qimcbJ2m3GJFAqgzOvWbZk3jw==}
    peerDependencies:
      arktype: ^2.0.0-dev.14
      hono: '*'

  '@hono/effect-validator@1.2.0':
    resolution: {integrity: sha512-PJTTVsF3bN/ld7w3g3rcWRzhbgn2wG4CcAtZpgGAz90DF3TLD5ByVkkRI3SK0HnbtPQKT2Ndng+bJvLwV1lZZQ==}
    peerDependencies:
      effect: '>=3.10.0'
      hono: '>=4.4.13'

  '@hono/typebox-validator@0.2.6':
    resolution: {integrity: sha512-x+Q7RWiw6rJmJs7MDgtvRbS7ViXXEzqimC0duY4or7y1f89f5Z3KCQSdUSVka+Uv0HZ/O0ZNt+ixNDxfJLi4hA==}
    peerDependencies:
      '@sinclair/typebox': '>=0.31.15 <1'
      hono: '>=3.9.0'

  '@hono/valibot-validator@0.5.1':
    resolution: {integrity: sha512-TXNFh1jofWNCX9sOX2gyw6qCXuAKr4yk//hOf9Lc8vcdIhQXTRQY6RPkKwL/14EldoIngkLj3iMHTXXhjgMCWg==}
    peerDependencies:
      hono: '>=3.9.0'
      valibot: ^1.0.0 || ^1.0.0-beta.4 || ^1.0.0-rc

  '@hono/zod-validator@0.4.2':
    resolution: {integrity: sha512-1rrlBg+EpDPhzOV4hT9pxr5+xDVmKuz6YJl+la7VCwK6ass5ldyKm5fD+umJdV2zhHD6jROoCCv8NbTwyfhT0g==}
    peerDependencies:
      hono: '>=3.9.0'
      zod: ^3.19.1

  '@jsdevtools/ono@7.1.3':
    resolution: {integrity: sha512-4JQNk+3mVzK3xh2rqd6RB4J46qUR19azEHBneZyTZM+c456qOrbbM/5xcR8huNCCcbVt7+UmizG6GuUvPvKUYg==}

  '@scalar/hono-api-reference@0.5.165':
    resolution: {integrity: sha512-UOdH9vKQxNC5wi3fQufq44g93x3oE7YoeI1bdLncbrK3Nm+XtLe4Wc0kSpz1n6gsjvqSJij/ioXmkC8OJpM5hA==}
    engines: {node: '>=18'}
    peerDependencies:
      hono: ^4.0.0

  '@scalar/openapi-types@0.1.5':
    resolution: {integrity: sha512-6geH9ehvQ/sG/xUyy3e0lyOw3BaY5s6nn22wHjEJhcobdmWyFER0O6m7AU0ZN4QTjle/gYvFJOjj552l/rsNSw==}
    engines: {node: '>=18'}

  '@scalar/types@0.0.25':
    resolution: {integrity: sha512-sGnOFnfiSn4o23rklU/jrg81hO+630bsFIdHg8MZ/w2Nc6IoUwARA2hbe4d4Fg+D0KBu40Tan/L+WAYDXkTJQg==}
    engines: {node: '>=18'}

  '@sinclair/typebox@0.34.13':
    resolution: {integrity: sha512-ceVKqyCEgC355Kw0s/0tyfY9MzMQINSykJ/pG2w6YnaZyrcjV48svZpr8lVZrYgWjzOmrIPBhQRAtr/7eJpA5g==}

  '@types/bun@1.1.14':
    resolution: {integrity: sha512-opVYiFGtO2af0dnWBdZWlioLBoxSdDO5qokaazLhq8XQtGZbY4pY3/JxY8Zdf/hEwGubbp7ErZXoN1+h2yesxA==}

  '@types/json-schema@7.0.15':
    resolution: {integrity: sha512-5+fP8P8MFNC+AyZCDxrB2pkZFPGzqQWUzpSeuuVLvm8VMcorNYavBqoFcxK8bQz4Qsbn4oUEEem4wDLfcysGHA==}

  '@types/node@20.12.14':
    resolution: {integrity: sha512-scnD59RpYD91xngrQQLGkE+6UrHUPzeKZWhhjBSa3HSkwjbQc38+q3RoIVEwxQGRw3M+j5hpNAM+lgV3cVormg==}

  '@types/react-dom@19.0.2':
    resolution: {integrity: sha512-c1s+7TKFaDRRxr1TxccIX2u7sfCnc3RxkVyBIUA2lCpyqCF+QoAwQ/CBg7bsMdVwP120HEH143VQezKtef5nCg==}
    peerDependencies:
      '@types/react': ^19.0.0

  '@types/react@19.0.3':
    resolution: {integrity: sha512-UavfHguIjnnuq9O67uXfgy/h3SRJbidAYvNjLceB+2RIKVRBzVsh0QO+Pw6BCSQqFS9xwzKfwstXx0m6AbAREA==}

  '@types/ws@8.5.13':
    resolution: {integrity: sha512-osM/gWBTPKgHV8XkTunnegTRIsvF6owmf5w+JtAfOw472dptdm0dlGv4xCt6GwQRcC2XVOvvRE/0bAoQcL2QkA==}

  '@unhead/schema@1.11.14':
    resolution: {integrity: sha512-V9W9u5tF1/+TiLqxu+Qvh1ShoMDkPEwHoEo4DKdDG6ko7YlbzFfDxV6el9JwCren45U/4Vy/4Xi7j8OH02wsiA==}

  '@valibot/to-json-schema@1.0.0-beta.3':
    resolution: {integrity: sha512-20XQh1u5sOLwS3NOB7oHCo3clQ9h4GlavXgLKMux2PYpHowb7P97cND0dg8T3+fE1WoKVACcLppvzAPpSx0F+Q==}
    peerDependencies:
      valibot: ^1.0.0 || ^1.0.0-beta.5 || ^1.0.0-rc

  argparse@2.0.1:
    resolution: {integrity: sha512-8+9WqebbFzpX9OR+Wa6O29asIogeRMzcGtAINdpMHHyAg10f05aSFVBbcEqGf/PXw1EjAZ+q2/bEBg3DvurK3Q==}

  arktype@2.0.0-rc.25:
    resolution: {integrity: sha512-ck1kRLda55Pv6L3vIIjRb6A22LqUcjitxPGS3OscOKwFcxNReaj+ItJJiysebBbbUy+ESouXTJ+vvck33spGDQ==}

  atomic-sleep@1.0.0:
    resolution: {integrity: sha512-kNOjDqAh7px0XWNI+4QbzoiR/nTkHAWNud2uvnJquD1/x5a7EQZMJT0AczqK0Qn67oY/TTQ1LbUKajZpp3I9tQ==}
    engines: {node: '>=8.0.0'}

  bun-types@1.1.37:
    resolution: {integrity: sha512-C65lv6eBr3LPJWFZ2gswyrGZ82ljnH8flVE03xeXxKhi2ZGtFiO4isRKTKnitbSqtRAcaqYSR6djt1whI66AbA==}

  clone@2.1.2:
    resolution: {integrity: sha512-3Pe/CF1Nn94hyhIYpjtiLhdCoEoz0DqQ+988E9gmeEdQZlojxnOb74wctFyuwWQHzqyf9X7C7MG8juUpqBJT8w==}
    engines: {node: '>=0.8'}

  colorette@2.0.20:
    resolution: {integrity: sha512-IfEDxwoWIjkeXL1eXcDiow4UbKjhLdq6/EuSVR9GMN7KVH3r9gQ83e73hsz1Nd1T3ijd5xv1wcWRYO+D6kCI2w==}

  csstype@3.1.3:
    resolution: {integrity: sha512-M1uQkMl8rQK/szD0LNhtqxIPLpimGm8sOBwU7lLnCpSbTyY3yeU1Vc7l4KT5zT4s/yOxHH5O7tIuuLOCnLADRw==}

  dateformat@4.6.3:
    resolution: {integrity: sha512-2P0p0pFGzHS5EMnhdxQi7aJN+iMheud0UhG4dlE1DLAlvL8JHjJJTX/CSm4JXwV0Ka5nGk3zC5mcb5bUQUxxMA==}

  effect@3.12.1:
    resolution: {integrity: sha512-aAZdh56Yp1ehOFYeMcHHctTtxfqm6kkOdZFTXK6Zf0QoaKKc1hPG6ocjrKOc0axE8JbG4eZw351ogNLrM4vo9w==}

  end-of-stream@1.4.4:
    resolution: {integrity: sha512-+uw1inIHVPQoaVuHzRyXd21icM+cnt4CzD5rW+NC1wjOUSTOs+Te7FOv7AhN7vS9x/oIyhLP5PR1H+phQAHu5Q==}

  fast-check@3.23.2:
    resolution: {integrity: sha512-h5+1OzzfCC3Ef7VbtKdcv7zsstUQwUDlYpUTvjeUsJAssPgLn7QzbboPtL5ro04Mq0rPOsMzl7q5hIbRs2wD1A==}
    engines: {node: '>=8.0.0'}

  fast-copy@3.0.2:
    resolution: {integrity: sha512-dl0O9Vhju8IrcLndv2eU4ldt1ftXMqqfgN4H1cpmGV7P6jeB9FwpN9a2c8DPGE1Ys88rNUJVYDHq73CGAGOPfQ==}

  fast-redact@3.5.0:
    resolution: {integrity: sha512-dwsoQlS7h9hMeYUq1W++23NDcBLV4KqONnITDV9DjfS3q1SgDGVrBdvvTLUotWtPSD7asWDV9/CmsZPy8Hf70A==}
    engines: {node: '>=6'}

  fast-safe-stringify@2.1.1:
    resolution: {integrity: sha512-W+KJc2dmILlPplD/H4K9l9LcAHAfPtP6BY84uVLXQ6Evcz9Lcg33Y2z1IVblT6xdY54PXYVHEv+0Wpq8Io6zkA==}

  help-me@5.0.0:
    resolution: {integrity: sha512-7xgomUX6ADmcYzFik0HzAxh/73YlKR9bmFzf51CZwR+b6YtzU2m0u49hQCqV6SvlqIqsaxovfwdvbnsw3b/zpg==}

  hono-openapi@0.3.1:
    resolution: {integrity: sha512-8j02qmkE3BJkr+s/tqiauiHy+/OMmM/bvf33G9CZpBRdyM95aVL3fgRj4tNsRdkL+e/rM5+EClozD3jxnwr4eA==}

  hono@4.6.16:
    resolution: {integrity: sha512-iE6xOPwDYlfnZFwk6BfIMMIH4WZm3pPhz6rc1uJM/OPew0pjG5K6p8WTLaMBY1/szF/T0TaEjprMpwn16BA0NQ==}
    engines: {node: '>=16.9.0'}

  hookable@5.5.3:
    resolution: {integrity: sha512-Yc+BQe8SvoXH1643Qez1zqLRmbA5rCL+sSmk6TVos0LWVfNIB7PGncdlId77WzLGSIB5KaWgTaNTs2lNVEI6VQ==}

  joycon@3.1.1:
    resolution: {integrity: sha512-34wB/Y7MW7bzjKRjUKTa46I2Z7eV62Rkhva+KkopW7Qvv/OSWBqvkSY7vusOPrNuZcUG3tApvdVgNB8POj3SPw==}
    engines: {node: '>=10'}

  js-yaml@4.1.0:
    resolution: {integrity: sha512-wpxZs9NoxZaJESJGIZTyDEaYpl0FKSA+FB9aJiyemKhMwkxQg63h4T1KJgUGHpTqPDNRcmmYLugrRjJlBtWvRA==}
    hasBin: true

  json-schema-walker@2.0.0:
    resolution: {integrity: sha512-nXN2cMky0Iw7Af28w061hmxaPDaML5/bQD9nwm1lOoIKEGjHcRGxqWe4MfrkYThYAPjSUhmsp4bJNoLAyVn9Xw==}
    engines: {node: '>=10'}

  minimist@1.2.8:
    resolution: {integrity: sha512-2yyAR8qBkN3YuheJanUpWC5U3bb5osDywNB8RzDVlDwDHbocAJveqqj1u8+SVD7jkWT4yvsHCpWqqWqAxb0zCA==}

  on-exit-leak-free@2.1.2:
    resolution: {integrity: sha512-0eJJY6hXLGf1udHwfNftBqH+g73EU4B504nZeKpz1sYRKafAghwxEJunB2O7rDZkL4PGfsMVnTXZ2EjibbqcsA==}
    engines: {node: '>=14.0.0'}

  once@1.4.0:
    resolution: {integrity: sha512-lNaJgI+2Q5URQBkccEKHTQOPaXdUxnZZElQTZY0MFUAuaEqe1E+Nyvgdz/aIyNi6Z9MzO5dv1H8n58/GELp3+w==}

  openapi-types@12.1.3:
    resolution: {integrity: sha512-N4YtSYJqghVu4iek2ZUvcN/0aqH1kRDuNqzcycDxhOUpg7GdvLa2F3DgS6yBNhInhv2r/6I0Flkn7CqL8+nIcw==}

  pino-abstract-transport@2.0.0:
    resolution: {integrity: sha512-F63x5tizV6WCh4R6RHyi2Ml+M70DNRXt/+HANowMflpgGFMAym/VKm6G7ZOQRjqN7XbGxK1Lg9t6ZrtzOaivMw==}

  pino-pretty@13.0.0:
    resolution: {integrity: sha512-cQBBIVG3YajgoUjo1FdKVRX6t9XPxwB9lcNJVD5GCnNM4Y6T12YYx8c6zEejxQsU0wrg9TwmDulcE9LR7qcJqA==}
    hasBin: true

  pino-std-serializers@7.0.0:
    resolution: {integrity: sha512-e906FRY0+tV27iq4juKzSYPbUj2do2X2JX4EzSca1631EB2QJQUqGbDuERal7LCtOpxl6x3+nvo9NPZcmjkiFA==}

  pino@9.6.0:
    resolution: {integrity: sha512-i85pKRCt4qMjZ1+L7sy2Ag4t1atFcdbEt76+7iRJn1g2BvsnRMGu9p8pivl9fs63M2kF/A0OacFZhTub+m/qMg==}
    hasBin: true

  process-warning@4.0.1:
    resolution: {integrity: sha512-3c2LzQ3rY9d0hc1emcsHhfT9Jwz0cChib/QN89oME2R451w5fy3f0afAhERFZAwrbDU43wk12d0ORBpDVME50Q==}

  pump@3.0.2:
    resolution: {integrity: sha512-tUPXtzlGM8FE3P0ZL6DVs/3P58k9nk8/jZeQCurTJylQA8qFYzHFfhBJkuqyE0FifOsQ0uKWekiZ5g8wtr28cw==}

  pure-rand@6.1.0:
    resolution: {integrity: sha512-bVWawvoZoBYpp6yIoQtQXHZjmz35RSVHnUOTefl8Vcjr8snTPY1wnpSPMWekcFwbxI6gtmT7rSYPFvz71ldiOA==}

  quick-format-unescaped@4.0.4:
    resolution: {integrity: sha512-tYC1Q1hgyRuHgloV/YXs2w15unPVh8qfu/qCTfhTYamaw7fyhumKa2yGpdSo87vY32rIclj+4fWYQXUMs9EHvg==}

  react-dom@19.0.0:
    resolution: {integrity: sha512-4GV5sHFG0e/0AD4X+ySy6UJd3jVl1iNsNHdpad0qhABJ11twS3TTBnseqsKurKcsNqCEFeGL3uLpVChpIO3QfQ==}
    peerDependencies:
      react: ^19.0.0

  react@19.0.0:
    resolution: {integrity: sha512-V8AVnmPIICiWpGfm6GLzCR/W5FXLchHop40W4nXBmdlEceh16rCN8O8LNWm5bh5XUX91fh7KpA+W0TgMKmgTpQ==}
    engines: {node: '>=0.10.0'}

  real-require@0.2.0:
    resolution: {integrity: sha512-57frrGM/OCTLqLOAh0mhVA9VBMHd+9U7Zb2THMGdBUoZVOtGbJzjxsYGDJ3A9AYYCP4hn6y1TVbaOfzWtm5GFg==}
    engines: {node: '>= 12.13.0'}

  safe-stable-stringify@2.5.0:
    resolution: {integrity: sha512-b3rppTKm9T+PsVCBEOUR46GWI7fdOs00VKZ1+9c1EWDaDMvjQc6tUwuFyIprgGgTcWoVHSKrU8H31ZHA2e0RHA==}
    engines: {node: '>=10'}

  scheduler@0.25.0:
    resolution: {integrity: sha512-xFVuu11jh+xcO7JOAGJNOXld8/TcEHK/4CituBUeUb5hqxJLj9YuemAEuvm9gQ/+pgXYfbQuqAkiYu+u7YEsNA==}

  secure-json-parse@2.7.0:
    resolution: {integrity: sha512-6aU+Rwsezw7VR8/nyvKTx8QpWH9FrcYiXXlqC4z5d5XQBDRqtbfsRjnwGyqbi3gddNtWHuEk9OANUotL26qKUw==}

  sonic-boom@4.2.0:
    resolution: {integrity: sha512-INb7TM37/mAcsGmc9hyyI6+QR3rR1zVRu36B0NeGXKnOOLiZOfER5SA+N7X7k3yUYRzLWafduTDvJAfDswwEww==}

  split2@4.2.0:
    resolution: {integrity: sha512-UcjcJOWknrNkF6PLX83qcHM6KHgVKNkV62Y8a5uYDVv9ydGQVwAHMKqHdJje1VTWpljG0WYpCDhrCdAOYH4TWg==}
    engines: {node: '>= 10.x'}

  strip-json-comments@3.1.1:
    resolution: {integrity: sha512-6fPc+R4ihwqP6N/aIv2f1gMH8lOVtWQHoqC4yK6oSDVVocumAsfCqjkXnqiYMhmMwS/mEHLp7Vehlt3ql6lEig==}
    engines: {node: '>=8'}

  thread-stream@3.1.0:
    resolution: {integrity: sha512-OqyPZ9u96VohAyMfJykzmivOrY2wfMSf3C5TtFJVgN+Hm6aj+voFhlK+kZEIv2FBh1X6Xp3DlnCOfEQ3B2J86A==}

  typescript@5.7.2:
    resolution: {integrity: sha512-i5t66RHxDvVN40HfDd1PsEThGNnlMCMT3jMUuoh9/0TaqWevNontacunWyN02LA9/fIbEWlcHZcgTKb9QoaLfg==}
    engines: {node: '>=14.17'}
    hasBin: true

  undici-types@5.26.5:
    resolution: {integrity: sha512-JlCMO+ehdEIKqlFxk6IfVoAUVmgz7cU7zD/h9XZ0qzeosSHmUJVOzSQvvYSYWXkFXC+IfLKSIffhv0sVZup6pA==}

  valibot@1.0.0-beta.10:
    resolution: {integrity: sha512-nmo3nxvXRrxwDYZznK3aTgYv7ZA/SUZJ/s+pLY4Tqsex/fgwZ9XrrQ14jjozjUaeduQ9PhXHE2Xx1uMb0HePYw==}
    peerDependencies:
      typescript: '>=5'
    peerDependenciesMeta:
      typescript:
        optional: true

  wrappy@1.0.2:
    resolution: {integrity: sha512-l4Sp/DRseor9wL6EvV2+TuQn63dMkPjZ/sp9XkghTEbV9KlPS1xUsZ3u7/IQO4wxtcFB4bgpQPRcR3QCvezPcQ==}

  zhead@2.2.4:
    resolution: {integrity: sha512-8F0OI5dpWIA5IGG5NHUg9staDwz/ZPxZtvGVf01j7vHqSyZ0raHY+78atOVxRqb73AotX22uV1pXt3gYSstGag==}

  zod-openapi@4.2.2:
    resolution: {integrity: sha512-h1H5ODEc4paf3UKH0h3tp9P3W/FeRXo7wk1bo1P7KofhfxosI4vJdOgeIt2aRyqHorxUAjd/kIvxRWENnBqI5w==}
    engines: {node: '>=18'}
    peerDependencies:
      zod: ^3.21.4

  zod-to-json-schema@3.24.1:
    resolution: {integrity: sha512-3h08nf3Vw3Wl3PK+q3ow/lIil81IT2Oa7YpQyUUDsEWbXveMesdfK1xBd2RhCkynwZndAxixji/7SYJJowr62w==}
    peerDependencies:
      zod: ^3.24.1

  zod@3.24.1:
    resolution: {integrity: sha512-muH7gBL9sI1nciMZV67X5fTKKBLtwpZ5VBp1vsOQzj1MhrBZ4wlVCm3gedKZWLp0Oyel8sIGfeiz54Su+OVT+A==}

snapshots:

  '@apidevtools/json-schema-ref-parser@11.7.3':
    dependencies:
      '@jsdevtools/ono': 7.1.3
      '@types/json-schema': 7.0.15
      js-yaml: 4.1.0

  '@ark/schema@0.25.0':
    dependencies:
      '@ark/util': 0.25.0
    optional: true

  '@ark/util@0.25.0':
    optional: true

  '@hono/arktype-validator@2.0.0(arktype@2.0.0-rc.25)(hono@4.6.16)':
    dependencies:
      arktype: 2.0.0-rc.25
      hono: 4.6.16
    optional: true

  '@hono/effect-validator@1.2.0(effect@3.12.1)(hono@4.6.16)':
    dependencies:
      effect: 3.12.1
      hono: 4.6.16
    optional: true

  '@hono/typebox-validator@0.2.6(@sinclair/typebox@0.34.13)(hono@4.6.16)':
    dependencies:
      '@sinclair/typebox': 0.34.13
      hono: 4.6.16
    optional: true

  '@hono/valibot-validator@0.5.1(hono@4.6.16)(valibot@1.0.0-beta.10(typescript@5.7.2))':
    dependencies:
      hono: 4.6.16
      valibot: 1.0.0-beta.10(typescript@5.7.2)
    optional: true

  '@hono/zod-validator@0.4.2(hono@4.6.16)(zod@3.24.1)':
    dependencies:
      hono: 4.6.16
      zod: 3.24.1
    optional: true

  '@jsdevtools/ono@7.1.3': {}

  '@scalar/hono-api-reference@0.5.165(hono@4.6.16)':
    dependencies:
      '@scalar/types': 0.0.25
      hono: 4.6.16

  '@scalar/openapi-types@0.1.5': {}

  '@scalar/types@0.0.25':
    dependencies:
      '@scalar/openapi-types': 0.1.5
      '@unhead/schema': 1.11.14

  '@sinclair/typebox@0.34.13':
    optional: true

  '@types/bun@1.1.14':
    dependencies:
      bun-types: 1.1.37

  '@types/json-schema@7.0.15': {}

  '@types/node@20.12.14':
    dependencies:
      undici-types: 5.26.5

  '@types/react-dom@19.0.2(@types/react@19.0.3)':
    dependencies:
      '@types/react': 19.0.3

  '@types/react@19.0.3':
    dependencies:
      csstype: 3.1.3

  '@types/ws@8.5.13':
    dependencies:
      '@types/node': 20.12.14

  '@unhead/schema@1.11.14':
    dependencies:
      hookable: 5.5.3
      zhead: 2.2.4

  '@valibot/to-json-schema@1.0.0-beta.3(valibot@1.0.0-beta.10(typescript@5.7.2))':
    dependencies:
      valibot: 1.0.0-beta.10(typescript@5.7.2)
    optional: true

  argparse@2.0.1: {}

  arktype@2.0.0-rc.25:
    dependencies:
      '@ark/schema': 0.25.0
      '@ark/util': 0.25.0
    optional: true

  atomic-sleep@1.0.0: {}

  bun-types@1.1.37:
    dependencies:
      '@types/node': 20.12.14
      '@types/ws': 8.5.13

  clone@2.1.2: {}

  colorette@2.0.20: {}

  csstype@3.1.3: {}

  dateformat@4.6.3: {}

  effect@3.12.1:
    dependencies:
      fast-check: 3.23.2
    optional: true

  end-of-stream@1.4.4:
    dependencies:
      once: 1.4.0

  fast-check@3.23.2:
    dependencies:
      pure-rand: 6.1.0
    optional: true

  fast-copy@3.0.2: {}

  fast-redact@3.5.0: {}

  fast-safe-stringify@2.1.1: {}

  help-me@5.0.0: {}

  hono-openapi@0.3.1(typescript@5.7.2):
    dependencies:
      json-schema-walker: 2.0.0
    optionalDependencies:
      '@hono/arktype-validator': 2.0.0(arktype@2.0.0-rc.25)(hono@4.6.16)
      '@hono/effect-validator': 1.2.0(effect@3.12.1)(hono@4.6.16)
      '@hono/typebox-validator': 0.2.6(@sinclair/typebox@0.34.13)(hono@4.6.16)
      '@hono/valibot-validator': 0.5.1(hono@4.6.16)(valibot@1.0.0-beta.10(typescript@5.7.2))
      '@hono/zod-validator': 0.4.2(hono@4.6.16)(zod@3.24.1)
      '@sinclair/typebox': 0.34.13
      '@valibot/to-json-schema': 1.0.0-beta.3(valibot@1.0.0-beta.10(typescript@5.7.2))
      arktype: 2.0.0-rc.25
      effect: 3.12.1
      hono: 4.6.16
      openapi-types: 12.1.3
      valibot: 1.0.0-beta.10(typescript@5.7.2)
      zod: 3.24.1
      zod-openapi: 4.2.2(zod@3.24.1)
    transitivePeerDependencies:
      - typescript

  hono@4.6.16: {}

  hookable@5.5.3: {}

  joycon@3.1.1: {}

  js-yaml@4.1.0:
    dependencies:
      argparse: 2.0.1

  json-schema-walker@2.0.0:
    dependencies:
      '@apidevtools/json-schema-ref-parser': 11.7.3
      clone: 2.1.2

  minimist@1.2.8: {}

  on-exit-leak-free@2.1.2: {}

  once@1.4.0:
    dependencies:
      wrappy: 1.0.2

  openapi-types@12.1.3:
    optional: true

  pino-abstract-transport@2.0.0:
    dependencies:
      split2: 4.2.0

  pino-pretty@13.0.0:
    dependencies:
      colorette: 2.0.20
      dateformat: 4.6.3
      fast-copy: 3.0.2
      fast-safe-stringify: 2.1.1
      help-me: 5.0.0
      joycon: 3.1.1
      minimist: 1.2.8
      on-exit-leak-free: 2.1.2
      pino-abstract-transport: 2.0.0
      pump: 3.0.2
      secure-json-parse: 2.7.0
      sonic-boom: 4.2.0
      strip-json-comments: 3.1.1

  pino-std-serializers@7.0.0: {}

  pino@9.6.0:
    dependencies:
      atomic-sleep: 1.0.0
      fast-redact: 3.5.0
      on-exit-leak-free: 2.1.2
      pino-abstract-transport: 2.0.0
      pino-std-serializers: 7.0.0
      process-warning: 4.0.1
      quick-format-unescaped: 4.0.4
      real-require: 0.2.0
      safe-stable-stringify: 2.5.0
      sonic-boom: 4.2.0
      thread-stream: 3.1.0

  process-warning@4.0.1: {}

  pump@3.0.2:
    dependencies:
      end-of-stream: 1.4.4
      once: 1.4.0

  pure-rand@6.1.0:
    optional: true

  quick-format-unescaped@4.0.4: {}

  react-dom@19.0.0(react@19.0.0):
    dependencies:
      react: 19.0.0
      scheduler: 0.25.0

  react@19.0.0: {}

  real-require@0.2.0: {}

  safe-stable-stringify@2.5.0: {}

  scheduler@0.25.0: {}

  secure-json-parse@2.7.0: {}

  sonic-boom@4.2.0:
    dependencies:
      atomic-sleep: 1.0.0

  split2@4.2.0: {}

  strip-json-comments@3.1.1: {}

  thread-stream@3.1.0:
    dependencies:
      real-require: 0.2.0

  typescript@5.7.2: {}

  undici-types@5.26.5: {}

  valibot@1.0.0-beta.10(typescript@5.7.2):
    optionalDependencies:
      typescript: 5.7.2

  wrappy@1.0.2: {}

  zhead@2.2.4: {}

  zod-openapi@4.2.2(zod@3.24.1):
    dependencies:
      zod: 3.24.1
    optional: true

  zod-to-json-schema@3.24.1(zod@3.24.1):
    dependencies:
      zod: 3.24.1

  zod@3.24.1: {}
